
Microsoft Visual Studio Solution File, Format Version 12.00
Project("{FAE04EC0-301F-11D3-BF4B-00C04F79EFBC}") = "MerkleTreeTests", "MerkleTreeTests\MerkleTreeTests.csproj", "{8F3CBD5B-032E-4C5E-BE50-2488487CDDE4}"
EndProject
Project("{FAE04EC0-301F-11D3-BF4B-00C04F79EFBC}") = "MerkleTreeDemo", "MerkleTreeDemo\MerkleTreeDemo.csproj", "{93F41679-C579-4FC4-ADF2-8EAD81814AAE}"
EndProject
Project("{FAE04EC0-301F-11D3-BF4B-00C04F79EFBC}") = "MerkleTree", "MerkeTree\MerkleTree.csproj", "{358A7214-D45D-4743-99ED-02A81C4B8617}"
EndProject
Project("{FAE04EC0-301F-11D3-BF4B-00C04F79EFBC}") = "EventTree", "EventTree\EventTree\EventTree.csproj", "{96BA8DA6-04E7-4312-A28D-74BF6652CDD3}"
EndProject
Project("{2150E333-8FDC-42A3-9474-1A3956D46DE8}") = "MerkleTools", "MerkleTools", "{97ADC4C3-6D15-4A8F-81EA-A7AD5D5AB988}"
EndProject
Project("{FAE04EC0-301F-11D3-BF4B-00C04F79EFBC}") = "MerkleTools", "MerkleTools\MerkleTools\MerkleTools.csproj", "{DE285ED4-872E-441C-AE7D-5B95DF88493B}"
EndProject
Project("{FAE04EC0-301F-11D3-BF4B-00C04F79EFBC}") = "MerkleToolsTests", "MerkleToolsTests\MerkleToolsTests\MerkleToolsTests.csproj", "{B8F67706-6F55-4E12-9A71-70BC6BA07C41}"
EndProject
Global
	GlobalSection(SolutionConfigurationPlatforms) = preSolution
		Debug|Any CPU = Debug|Any CPU
		Release|Any CPU = Release|Any CPU
	EndGlobalSection
	GlobalSection(ProjectConfigurationPlatforms) = postSolution
		{358A7214-D45D-4743-99ED-02A81C4B8617}.Debug|Any CPU.ActiveCfg = Debug|Any CPU
		{358A7214-D45D-4743-99ED-02A81C4B8617}.Debug|Any CPU.Build.0 = Debug|Any CPU
		{358A7214-D45D-4743-99ED-02A81C4B8617}.Release|Any CPU.ActiveCfg = Release|Any CPU
		{358A7214-D45D-4743-99ED-02A81C4B8617}.Release|Any CPU.Build.0 = Release|Any CPU
		{8F3CBD5B-032E-4C5E-BE50-2488487CDDE4}.Debug|Any CPU.ActiveCfg = Debug|Any CPU
		{8F3CBD5B-032E-4C5E-BE50-2488487CDDE4}.Debug|Any CPU.Build.0 = Debug|Any CPU
		{8F3CBD5B-032E-4C5E-BE50-2488487CDDE4}.Release|Any CPU.ActiveCfg = Release|Any CPU
		{8F3CBD5B-032E-4C5E-BE50-2488487CDDE4}.Release|Any CPU.Build.0 = Release|Any CPU
		{93F41679-C579-4FC4-ADF2-8EAD81814AAE}.Debug|Any CPU.ActiveCfg = Debug|Any CPU
		{93F41679-C579-4FC4-ADF2-8EAD81814AAE}.Debug|Any CPU.Build.0 = Debug|Any CPU
		{93F41679-C579-4FC4-ADF2-8EAD81814AAE}.Release|Any CPU.ActiveCfg = Release|Any CPU
		{93F41679-C579-4FC4-ADF2-8EAD81814AAE}.Release|Any CPU.Build.0 = Release|Any CPU
		{96BA8DA6-04E7-4312-A28D-74BF6652CDD3}.Debug|Any CPU.ActiveCfg = Debug|Any CPU
		{96BA8DA6-04E7-4312-A28D-74BF6652CDD3}.Debug|Any CPU.Build.0 = Debug|Any CPU
		{96BA8DA6-04E7-4312-A28D-74BF6652CDD3}.Release|Any CPU.ActiveCfg = Release|Any CPU
		{96BA8DA6-04E7-4312-A28D-74BF6652CDD3}.Release|Any CPU.Build.0 = Release|Any CPU
		{DE285ED4-872E-441C-AE7D-5B95DF88493B}.Debug|Any CPU.ActiveCfg = Debug|Any CPU
		{DE285ED4-872E-441C-AE7D-5B95DF88493B}.Debug|Any CPU.Build.0 = Debug|Any CPU
		{DE285ED4-872E-441C-AE7D-5B95DF88493B}.Release|Any CPU.ActiveCfg = Release|Any CPU
		{DE285ED4-872E-441C-AE7D-5B95DF88493B}.Release|Any CPU.Build.0 = Release|Any CPU
		{B8F67706-6F55-4E12-9A71-70BC6BA07C41}.Debug|Any CPU.ActiveCfg = Debug|Any CPU
		{B8F67706-6F55-4E12-9A71-70BC6BA07C41}.Debug|Any CPU.Build.0 = Debug|Any CPU
		{B8F67706-6F55-4E12-9A71-70BC6BA07C41}.Release|Any CPU.ActiveCfg = Release|Any CPU
		{B8F67706-6F55-4E12-9A71-70BC6BA07C41}.Release|Any CPU.Build.0 = Release|Any CPU
	EndGlobalSection
	GlobalSection(SolutionProperties) = preSolution
		HideSolutionNode = FALSE
	EndGlobalSection
	GlobalSection(NestedProjects) = preSolution
		{DE285ED4-872E-441C-AE7D-5B95DF88493B} = {97ADC4C3-6D15-4A8F-81EA-A7AD5D5AB988}
		{B8F67706-6F55-4E12-9A71-70BC6BA07C41} = {97ADC4C3-6D15-4A8F-81EA-A7AD5D5AB988}
	EndGlobalSection
EndGlobal
